
Microsoft Visual Studio Solution File, Format Version 12.00
# Visual Studio Version 17
VisualStudioVersion = 17.3.32929.385
MinimumVisualStudioVersion = 10.0.40219.1
Project("{FAE04EC0-301F-11D3-BF4B-00C04F79EFBC}") = "P1-ASP", "P1-ASP.csproj", "{24B925FD-7F95-452E-8858-98D5261790AA}"
EndProject
Global
	GlobalSection(SolutionConfigurationPlatforms) = preSolution
		Debug|Any CPU = Debug|Any CPU
		Release|Any CPU = Release|Any CPU
	EndGlobalSection
	GlobalSection(ProjectConfigurationPlatforms) = postSolution
		{24B925FD-7F95-452E-8858-98D5261790AA}.Debug|Any CPU.ActiveCfg = Debug|Any CPU
		{24B925FD-7F95-452E-8858-98D5261790AA}.Debug|Any CPU.Build.0 = Debug|Any CPU
		{24B925FD-7F95-452E-8858-98D5261790AA}.Release|Any CPU.ActiveCfg = Release|Any CPU
		{24B925FD-7F95-452E-8858-98D5261790AA}.Release|Any CPU.Build.0 = Release|Any CPU
	EndGlobalSection
	GlobalSection(SolutionProperties) = preSolution
		HideSolutionNode = FALSE
	EndGlobalSection
	GlobalSection(ExtensibilityGlobals) = postSolution
		SolutionGuid = {0C48ED0D-BBDD-41C9-ACF0-0103B92D1BB9}
	EndGlobalSection
EndGlobal
